{
  "requires": true,
  "lockfileVersion": 1,
  "dependencies": {
    "vuetify": {
      "version": "1.5.16",
      "resolved": "https://registry.npmjs.org/vuetify/-/vuetify-1.5.16.tgz",
      "integrity": "sha512-yBgOsfurKQkeS+l+rrTQZ2bFk0D9ezjHhkuVM5A/yVzcg62sY2nfYaq/H++uezBWC9WYFrp/5OmSocJQcWn9Qw=="
    }
  }
}
